
Microsoft Visual Studio Solution File, Format Version 12.00
# Visual Studio Version 16
VisualStudioVersion = 16.0.29230.47
MinimumVisualStudioVersion = 10.0.40219.1
Project("{FAE04EC0-301F-11D3-BF4B-00C04F79EFBC}") = "B4R73ND3R", "B4R73ND3R\B4R73ND3R.csproj", "{65E23546-EC47-4AD8-8CE9-9A4C56DDB171}"
EndProject
Global
	GlobalSection(SolutionConfigurationPlatforms) = preSolution
		Debug|Any CPU = Debug|Any CPU
		Release|Any CPU = Release|Any CPU
	EndGlobalSection
	GlobalSection(ProjectConfigurationPlatforms) = postSolution
		{65E23546-EC47-4AD8-8CE9-9A4C56DDB171}.Debug|Any CPU.ActiveCfg = Debug|Any CPU
		{65E23546-EC47-4AD8-8CE9-9A4C56DDB171}.Debug|Any CPU.Build.0 = Debug|Any CPU
		{65E23546-EC47-4AD8-8CE9-9A4C56DDB171}.Release|Any CPU.ActiveCfg = Release|Any CPU
		{65E23546-EC47-4AD8-8CE9-9A4C56DDB171}.Release|Any CPU.Build.0 = Release|Any CPU
	EndGlobalSection
	GlobalSection(SolutionProperties) = preSolution
		HideSolutionNode = FALSE
	EndGlobalSection
	GlobalSection(ExtensibilityGlobals) = postSolution
		SolutionGuid = {34ED5CE8-5CAA-4A36-A53F-A862A1822CC3}
	EndGlobalSection
EndGlobal
